
Microsoft Visual Studio Solution File, Format Version 12.00
# Visual Studio Version 16
VisualStudioVersion = 16.0.31702.278
MinimumVisualStudioVersion = 10.0.40219.1
Project("{FAE04EC0-301F-11D3-BF4B-00C04F79EFBC}") = "HomeWorks08.08.2022", "HomeWorks08.08.2022\HomeWorks08.08.2022.csproj", "{5D0D7367-D290-4D4F-9427-7502F3A4A4D7}"
EndProject
Global
	GlobalSection(SolutionConfigurationPlatforms) = preSolution
		Debug|Any CPU = Debug|Any CPU
		Release|Any CPU = Release|Any CPU
	EndGlobalSection
	GlobalSection(ProjectConfigurationPlatforms) = postSolution
		{5D0D7367-D290-4D4F-9427-7502F3A4A4D7}.Debug|Any CPU.ActiveCfg = Debug|Any CPU
		{5D0D7367-D290-4D4F-9427-7502F3A4A4D7}.Debug|Any CPU.Build.0 = Debug|Any CPU
		{5D0D7367-D290-4D4F-9427-7502F3A4A4D7}.Release|Any CPU.ActiveCfg = Release|Any CPU
		{5D0D7367-D290-4D4F-9427-7502F3A4A4D7}.Release|Any CPU.Build.0 = Release|Any CPU
	EndGlobalSection
	GlobalSection(SolutionProperties) = preSolution
		HideSolutionNode = FALSE
	EndGlobalSection
	GlobalSection(ExtensibilityGlobals) = postSolution
		SolutionGuid = {0DE77972-9B5F-4D9E-B568-FF1DC2A13151}
	EndGlobalSection
EndGlobal
