
Microsoft Visual Studio Solution File, Format Version 12.00
# Visual Studio Version 16
VisualStudioVersion = 16.0.31702.278
MinimumVisualStudioVersion = 10.0.40219.1
Project("{FAE04EC0-301F-11D3-BF4B-00C04F79EFBC}") = "P326ForHomeWork", "P326ForHomeWork\P326ForHomeWork.csproj", "{633ED31A-D0B2-4B11-9543-75E544ADA6D9}"
EndProject
Global
	GlobalSection(SolutionConfigurationPlatforms) = preSolution
		Debug|Any CPU = Debug|Any CPU
		Release|Any CPU = Release|Any CPU
	EndGlobalSection
	GlobalSection(ProjectConfigurationPlatforms) = postSolution
		{633ED31A-D0B2-4B11-9543-75E544ADA6D9}.Debug|Any CPU.ActiveCfg = Debug|Any CPU
		{633ED31A-D0B2-4B11-9543-75E544ADA6D9}.Debug|Any CPU.Build.0 = Debug|Any CPU
		{633ED31A-D0B2-4B11-9543-75E544ADA6D9}.Release|Any CPU.ActiveCfg = Release|Any CPU
		{633ED31A-D0B2-4B11-9543-75E544ADA6D9}.Release|Any CPU.Build.0 = Release|Any CPU
	EndGlobalSection
	GlobalSection(SolutionProperties) = preSolution
		HideSolutionNode = FALSE
	EndGlobalSection
	GlobalSection(ExtensibilityGlobals) = postSolution
		SolutionGuid = {611738E6-3C41-4682-84DA-93A837C684F9}
	EndGlobalSection
EndGlobal
