
Microsoft Visual Studio Solution File, Format Version 12.00
# Visual Studio Version 16
VisualStudioVersion = 16.0.31702.278
MinimumVisualStudioVersion = 10.0.40219.1
Project("{FAE04EC0-301F-11D3-BF4B-00C04F79EFBC}") = "Absctract classes", "Absctract classes\Absctract classes.csproj", "{9BFDD782-E752-4F37-8C73-085846D69CDD}"
EndProject
Global
	GlobalSection(SolutionConfigurationPlatforms) = preSolution
		Debug|Any CPU = Debug|Any CPU
		Release|Any CPU = Release|Any CPU
	EndGlobalSection
	GlobalSection(ProjectConfigurationPlatforms) = postSolution
		{9BFDD782-E752-4F37-8C73-085846D69CDD}.Debug|Any CPU.ActiveCfg = Debug|Any CPU
		{9BFDD782-E752-4F37-8C73-085846D69CDD}.Debug|Any CPU.Build.0 = Debug|Any CPU
		{9BFDD782-E752-4F37-8C73-085846D69CDD}.Release|Any CPU.ActiveCfg = Release|Any CPU
		{9BFDD782-E752-4F37-8C73-085846D69CDD}.Release|Any CPU.Build.0 = Release|Any CPU
	EndGlobalSection
	GlobalSection(SolutionProperties) = preSolution
		HideSolutionNode = FALSE
	EndGlobalSection
	GlobalSection(ExtensibilityGlobals) = postSolution
		SolutionGuid = {865ACA7C-128A-4F3F-8385-B9EF66B7A644}
	EndGlobalSection
EndGlobal
