
Microsoft Visual Studio Solution File, Format Version 12.00
# Visual Studio Version 16
VisualStudioVersion = 16.0.31702.278
MinimumVisualStudioVersion = 10.0.40219.1
Project("{FAE04EC0-301F-11D3-BF4B-00C04F79EFBC}") = "HomeWork16.08.2022", "HomeWork16.08.2022\HomeWork16.08.2022.csproj", "{F2BF677A-E340-4B4D-9C5D-11E880F9B25A}"
EndProject
Global
	GlobalSection(SolutionConfigurationPlatforms) = preSolution
		Debug|Any CPU = Debug|Any CPU
		Release|Any CPU = Release|Any CPU
	EndGlobalSection
	GlobalSection(ProjectConfigurationPlatforms) = postSolution
		{F2BF677A-E340-4B4D-9C5D-11E880F9B25A}.Debug|Any CPU.ActiveCfg = Debug|Any CPU
		{F2BF677A-E340-4B4D-9C5D-11E880F9B25A}.Debug|Any CPU.Build.0 = Debug|Any CPU
		{F2BF677A-E340-4B4D-9C5D-11E880F9B25A}.Release|Any CPU.ActiveCfg = Release|Any CPU
		{F2BF677A-E340-4B4D-9C5D-11E880F9B25A}.Release|Any CPU.Build.0 = Release|Any CPU
	EndGlobalSection
	GlobalSection(SolutionProperties) = preSolution
		HideSolutionNode = FALSE
	EndGlobalSection
	GlobalSection(ExtensibilityGlobals) = postSolution
		SolutionGuid = {AD0C8CD7-8CAE-47E3-9B95-BDF22EC17ECD}
	EndGlobalSection
EndGlobal
